// !$*UTF8*$!
{
	archiveVersion = 1;
	classes = {
	};
	objectVersion = 50;
	objects = {

/* Begin PBXBuildFile section */
		049F625530E57C40BC447A86 /* Pods_Todoey.framework in Frameworks */ = {isa = PBXBuildFile; fileRef = AA41A47ECB9B2CB3EA0480B3 /* Pods_Todoey.framework */; };
		CA4815DE21241C0F00BEF9DC /* CategoryTableViewController.swift in Sources */ = {isa = PBXBuildFile; fileRef = CA4815DD21241C0F00BEF9DC /* CategoryTableViewController.swift */; };
		CABD57AB211430BC0089A0D1 /* AppDelegate.swift in Sources */ = {isa = PBXBuildFile; fileRef = CABD57AA211430BC0089A0D1 /* AppDelegate.swift */; };
		CABD57AD211430BC0089A0D1 /* TodoListViewController.swift in Sources */ = {isa = PBXBuildFile; fileRef = CABD57AC211430BC0089A0D1 /* TodoListViewController.swift */; };
		CABD57B0211430BC0089A0D1 /* Main.storyboard in Resources */ = {isa = PBXBuildFile; fileRef = CABD57AE211430BC0089A0D1 /* Main.storyboard */; };
		CABD57B2211430BE0089A0D1 /* Assets.xcassets in Resources */ = {isa = PBXBuildFile; fileRef = CABD57B1211430BE0089A0D1 /* Assets.xcassets */; };
		CABD57B5211430BE0089A0D1 /* LaunchScreen.storyboard in Resources */ = {isa = PBXBuildFile; fileRef = CABD57B3211430BE0089A0D1 /* LaunchScreen.storyboard */; };
		CABD57CA212020460089A0D1 /* DataModel.xcdatamodeld in Sources */ = {isa = PBXBuildFile; fileRef = CABD57C8212020460089A0D1 /* DataModel.xcdatamodeld */; };
/* End PBXBuildFile section */

/* Begin PBXFileReference section */
		6199EE02AE512301C1890000 /* Pods-Todoey.debug.xcconfig */ = {isa = PBXFileReference; includeInIndex = 1; lastKnownFileType = text.xcconfig; name = "Pods-Todoey.debug.xcconfig"; path = "Pods/Target Support Files/Pods-Todoey/Pods-Todoey.debug.xcconfig"; sourceTree = "<group>"; };
		65BF0AFC9608E9ACAB01477C /* Pods-Todoey.release.xcconfig */ = {isa = PBXFileReference; includeInIndex = 1; lastKnownFileType = text.xcconfig; name = "Pods-Todoey.release.xcconfig"; path = "Pods/Target Support Files/Pods-Todoey/Pods-Todoey.release.xcconfig"; sourceTree = "<group>"; };
		AA41A47ECB9B2CB3EA0480B3 /* Pods_Todoey.framework */ = {isa = PBXFileReference; explicitFileType = wrapper.framework; includeInIndex = 0; path = Pods_Todoey.framework; sourceTree = BUILT_PRODUCTS_DIR; };
		CA4815DD21241C0F00BEF9DC /* CategoryTableViewController.swift */ = {isa = PBXFileReference; lastKnownFileType = sourcecode.swift; path = CategoryTableViewController.swift; sourceTree = "<group>"; };
		CABD57A7211430BC0089A0D1 /* Todoey.app */ = {isa = PBXFileReference; explicitFileType = wrapper.application; includeInIndex = 0; path = Todoey.app; sourceTree = BUILT_PRODUCTS_DIR; };
		CABD57AA211430BC0089A0D1 /* AppDelegate.swift */ = {isa = PBXFileReference; lastKnownFileType = sourcecode.swift; path = AppDelegate.swift; sourceTree = "<group>"; };
		CABD57AC211430BC0089A0D1 /* TodoListViewController.swift */ = {isa = PBXFileReference; lastKnownFileType = sourcecode.swift; path = TodoListViewController.swift; sourceTree = "<group>"; };
		CABD57AF211430BC0089A0D1 /* Base */ = {isa = PBXFileReference; lastKnownFileType = file.storyboard; name = Base; path = Base.lproj/Main.storyboard; sourceTree = "<group>"; };
		CABD57B1211430BE0089A0D1 /* Assets.xcassets */ = {isa = PBXFileReference; lastKnownFileType = folder.assetcatalog; path = Assets.xcassets; sourceTree = "<group>"; };
		CABD57B4211430BE0089A0D1 /* Base */ = {isa = PBXFileReference; lastKnownFileType = file.storyboard; name = Base; path = Base.lproj/LaunchScreen.storyboard; sourceTree = "<group>"; };
		CABD57B6211430BE0089A0D1 /* Info.plist */ = {isa = PBXFileReference; lastKnownFileType = text.plist.xml; path = Info.plist; sourceTree = "<group>"; };
		CABD57C9212020460089A0D1 /* DataModel.xcdatamodel */ = {isa = PBXFileReference; lastKnownFileType = wrapper.xcdatamodel; path = DataModel.xcdatamodel; sourceTree = "<group>"; };
/* End PBXFileReference section */

/* Begin PBXFrameworksBuildPhase section */
		CABD57A4211430BC0089A0D1 /* Frameworks */ = {
			isa = PBXFrameworksBuildPhase;
			buildActionMask = 2147483647;
			files = (
				049F625530E57C40BC447A86 /* Pods_Todoey.framework in Frameworks */,
			);
			runOnlyForDeploymentPostprocessing = 0;
		};
/* End PBXFrameworksBuildPhase section */

/* Begin PBXGroup section */
		BA5EEEFD000D03CB98BFCDFC /* Frameworks */ = {
			isa = PBXGroup;
			children = (
				AA41A47ECB9B2CB3EA0480B3 /* Pods_Todoey.framework */,
			);
			name = Frameworks;
			sourceTree = "<group>";
		};
		CABD579E211430BC0089A0D1 = {
			isa = PBXGroup;
			children = (
				CABD57A9211430BC0089A0D1 /* Todoey */,
				CABD57A8211430BC0089A0D1 /* Products */,
				F8EFC99509261DF64C024D8F /* Pods */,
				BA5EEEFD000D03CB98BFCDFC /* Frameworks */,
			);
			sourceTree = "<group>";
		};
		CABD57A8211430BC0089A0D1 /* Products */ = {
			isa = PBXGroup;
			children = (
				CABD57A7211430BC0089A0D1 /* Todoey.app */,
			);
			name = Products;
			sourceTree = "<group>";
		};
		CABD57A9211430BC0089A0D1 /* Todoey */ = {
			isa = PBXGroup;
			children = (
				CABD57AA211430BC0089A0D1 /* AppDelegate.swift */,
				CABD57C0211ED91D0089A0D1 /* Model */,
				CABD57BD2114314D0089A0D1 /* Controller */,
				CABD57BC211431420089A0D1 /* View */,
				CABD57C5211EDC2E0089A0D1 /* Support Files */,
				CABD57B6211430BE0089A0D1 /* Info.plist */,
			);
			path = Todoey;
			sourceTree = "<group>";
		};
		CABD57BC211431420089A0D1 /* View */ = {
			isa = PBXGroup;
			children = (
				CABD57AE211430BC0089A0D1 /* Main.storyboard */,
			);
			path = View;
			sourceTree = "<group>";
		};
		CABD57BD2114314D0089A0D1 /* Controller */ = {
			isa = PBXGroup;
			children = (
				CA4815DD21241C0F00BEF9DC /* CategoryTableViewController.swift */,
				CABD57AC211430BC0089A0D1 /* TodoListViewController.swift */,
			);
			path = Controller;
			sourceTree = "<group>";
		};
		CABD57C0211ED91D0089A0D1 /* Model */ = {
			isa = PBXGroup;
			children = (
				CABD57C8212020460089A0D1 /* DataModel.xcdatamodeld */,
			);
			path = Model;
			sourceTree = "<group>";
		};
		CABD57C5211EDC2E0089A0D1 /* Support Files */ = {
			isa = PBXGroup;
			children = (
				CABD57B3211430BE0089A0D1 /* LaunchScreen.storyboard */,
				CABD57B1211430BE0089A0D1 /* Assets.xcassets */,
			);
			name = "Support Files";
			path = "New Group";
			sourceTree = "<group>";
		};
		F8EFC99509261DF64C024D8F /* Pods */ = {
			isa = PBXGroup;
			children = (
				6199EE02AE512301C1890000 /* Pods-Todoey.debug.xcconfig */,
				65BF0AFC9608E9ACAB01477C /* Pods-Todoey.release.xcconfig */,
			);
			name = Pods;
			sourceTree = "<group>";
		};
/* End PBXGroup section */

/* Begin PBXNativeTarget section */
		CABD57A6211430BC0089A0D1 /* Todoey */ = {
			isa = PBXNativeTarget;
			buildConfigurationList = CABD57B9211430BE0089A0D1 /* Build configuration list for PBXNativeTarget "Todoey" */;
			buildPhases = (
				7DB4C3773BE877212E39A7E0 /* [CP] Check Pods Manifest.lock */,
				CABD57A3211430BC0089A0D1 /* Sources */,
				CABD57A4211430BC0089A0D1 /* Frameworks */,
				CABD57A5211430BC0089A0D1 /* Resources */,
				36A350F59561D6204AF04C46 /* [CP] Embed Pods Frameworks */,
			);
			buildRules = (
			);
			dependencies = (
			);
			name = Todoey;
			productName = Todoey;
			productReference = CABD57A7211430BC0089A0D1 /* Todoey.app */;
			productType = "com.apple.product-type.application";
		};
/* End PBXNativeTarget section */

/* Begin PBXProject section */
		CABD579F211430BC0089A0D1 /* Project object */ = {
			isa = PBXProject;
			attributes = {
				LastSwiftUpdateCheck = 0940;
				LastUpgradeCheck = 0940;
				ORGANIZATIONNAME = "Khaled Aldousari ";
				TargetAttributes = {
					CABD57A6211430BC0089A0D1 = {
						CreatedOnToolsVersion = 9.4;
					};
				};
			};
			buildConfigurationList = CABD57A2211430BC0089A0D1 /* Build configuration list for PBXProject "Todoey" */;
			compatibilityVersion = "Xcode 9.3";
			developmentRegion = en;
			hasScannedForEncodings = 0;
			knownRegions = (
				en,
				Base,
			);
			mainGroup = CABD579E211430BC0089A0D1;
			productRefGroup = CABD57A8211430BC0089A0D1 /* Products */;
			projectDirPath = "";
			projectRoot = "";
			targets = (
				CABD57A6211430BC0089A0D1 /* Todoey */,
			);
		};
/* End PBXProject section */

/* Begin PBXResourcesBuildPhase section */
		CABD57A5211430BC0089A0D1 /* Resources */ = {
			isa = PBXResourcesBuildPhase;
			buildActionMask = 2147483647;
			files = (
				CABD57B5211430BE0089A0D1 /* LaunchScreen.storyboard in Resources */,
				CABD57B2211430BE0089A0D1 /* Assets.xcassets in Resources */,
				CABD57B0211430BC0089A0D1 /* Main.storyboard in Resources */,
			);
			runOnlyForDeploymentPostprocessing = 0;
		};
/* End PBXResourcesBuildPhase section */

/* Begin PBXShellScriptBuildPhase section */
		36A350F59561D6204AF04C46 /* [CP] Embed Pods Frameworks */ = {
			isa = PBXShellScriptBuildPhase;
			buildActionMask = 2147483647;
			files = (
			);
			inputPaths = (
				"${SRCROOT}/Pods/Target Support Files/Pods-Todoey/Pods-Todoey-frameworks.sh",
				"${BUILT_PRODUCTS_DIR}/Realm/Realm.framework",
				"${BUILT_PRODUCTS_DIR}/RealmSwift/RealmSwift.framework",
			);
			name = "[CP] Embed Pods Frameworks";
			outputPaths = (
				"${TARGET_BUILD_DIR}/${FRAMEWORKS_FOLDER_PATH}/Realm.framework",
				"${TARGET_BUILD_DIR}/${FRAMEWORKS_FOLDER_PATH}/RealmSwift.framework",
			);
			runOnlyForDeploymentPostprocessing = 0;
			shellPath = /bin/sh;
			shellScript = "\"${SRCROOT}/Pods/Target Support Files/Pods-Todoey/Pods-Todoey-frameworks.sh\"\n";
			showEnvVarsInLog = 0;
		};
		7DB4C3773BE877212E39A7E0 /* [CP] Check Pods Manifest.lock */ = {
			isa = PBXShellScriptBuildPhase;
			buildActionMask = 2147483647;
			files = (
			);
			inputPaths = (
				"${PODS_PODFILE_DIR_PATH}/Podfile.lock",
				"${PODS_ROOT}/Manifest.lock",
			);
			name = "[CP] Check Pods Manifest.lock";
			outputPaths = (
				"$(DERIVED_FILE_DIR)/Pods-Todoey-checkManifestLockResult.txt",
			);
			runOnlyForDeploymentPostprocessing = 0;
			shellPath = /bin/sh;
			shellScript = "diff \"${PODS_PODFILE_DIR_PATH}/Podfile.lock\" \"${PODS_ROOT}/Manifest.lock\" > /dev/null\nif [ $? != 0 ] ; then\n    # print error to STDERR\n    echo \"error: The sandbox is not in sync with the Podfile.lock. Run 'pod install' or update your CocoaPods installation.\" >&2\n    exit 1\nfi\n# This output is used by Xcode 'outputs' to avoid re-running this script phase.\necho \"SUCCESS\" > \"${SCRIPT_OUTPUT_FILE_0}\"\n";
			showEnvVarsInLog = 0;
		};
/* End PBXShellScriptBuildPhase section */

/* Begin PBXSourcesBuildPhase section */
		CABD57A3211430BC0089A0D1 /* Sources */ = {
			isa = PBXSourcesBuildPhase;
			buildActionMask = 2147483647;
			files = (
				CABD57AD211430BC0089A0D1 /* TodoListViewController.swift in Sources */,
				CABD57CA212020460089A0D1 /* DataModel.xcdatamodeld in Sources */,
				CABD57AB211430BC0089A0D1 /* AppDelegate.swift in Sources */,
				CA4815DE21241C0F00BEF9DC /* CategoryTableViewController.swift in Sources */,
			);
			runOnlyForDeploymentPostprocessing = 0;
		};
/* End PBXSourcesBuildPhase section */

/* Begin PBXVariantGroup section */
		CABD57AE211430BC0089A0D1 /* Main.storyboard */ = {
			isa = PBXVariantGroup;
			children = (
				CABD57AF211430BC0089A0D1 /* Base */,
			);
			name = Main.storyboard;
			sourceTree = "<group>";
		};
		CABD57B3211430BE0089A0D1 /* LaunchScreen.storyboard */ = {
			isa = PBXVariantGroup;
			children = (
				CABD57B4211430BE0089A0D1 /* Base */,
			);
			name = LaunchScreen.storyboard;
			sourceTree = "<group>";
		};
/* End PBXVariantGroup section */

/* Begin XCBuildConfiguration section */
		CABD57B7211430BE0089A0D1 /* Debug */ = {
			isa = XCBuildConfiguration;
			buildSettings = {
				ALWAYS_SEARCH_USER_PATHS = NO;
				CLANG_ANALYZER_NONNULL = YES;
				CLANG_ANALYZER_NUMBER_OBJECT_CONVERSION = YES_AGGRESSIVE;
				CLANG_CXX_LANGUAGE_STANDARD = "gnu++14";
				CLANG_CXX_LIBRARY = "libc++";
				CLANG_ENABLE_MODULES = YES;
				CLANG_ENABLE_OBJC_ARC = YES;
				CLANG_ENABLE_OBJC_WEAK = YES;
				CLANG_WARN_BLOCK_CAPTURE_AUTORELEASING = YES;
				CLANG_WARN_BOOL_CONVERSION = YES;
				CLANG_WARN_COMMA = YES;
				CLANG_WARN_CONSTANT_CONVERSION = YES;
				CLANG_WARN_DEPRECATED_OBJC_IMPLEMENTATIONS = YES;
				CLANG_WARN_DIRECT_OBJC_ISA_USAGE = YES_ERROR;
				CLANG_WARN_DOCUMENTATION_COMMENTS = YES;
				CLANG_WARN_EMPTY_BODY = YES;
				CLANG_WARN_ENUM_CONVERSION = YES;
				CLANG_WARN_INFINITE_RECURSION = YES;
				CLANG_WARN_INT_CONVERSION = YES;
				CLANG_WARN_NON_LITERAL_NULL_CONVERSION = YES;
				CLANG_WARN_OBJC_IMPLICIT_RETAIN_SELF = YES;
				CLANG_WARN_OBJC_LITERAL_CONVERSION = YES;
				CLANG_WARN_OBJC_ROOT_CLASS = YES_ERROR;
				CLANG_WARN_RANGE_LOOP_ANALYSIS = YES;
				CLANG_WARN_STRICT_PROTOTYPES = YES;
				CLANG_WARN_SUSPICIOUS_MOVE = YES;
				CLANG_WARN_UNGUARDED_AVAILABILITY = YES_AGGRESSIVE;
				CLANG_WARN_UNREACHABLE_CODE = YES;
				CLANG_WARN__DUPLICATE_METHOD_MATCH = YES;
				CODE_SIGN_IDENTITY = "iPhone Developer";
				COPY_PHASE_STRIP = NO;
				DEBUG_INFORMATION_FORMAT = dwarf;
				ENABLE_STRICT_OBJC_MSGSEND = YES;
				ENABLE_TESTABILITY = YES;
				GCC_C_LANGUAGE_STANDARD = gnu11;
				GCC_DYNAMIC_NO_PIC = NO;
				GCC_NO_COMMON_BLOCKS = YES;
				GCC_OPTIMIZATION_LEVEL = 0;
				GCC_PREPROCESSOR_DEFINITIONS = (
					"DEBUG=1",
					"$(inherited)",
				);
				GCC_WARN_64_TO_32_BIT_CONVERSION = YES;
				GCC_WARN_ABOUT_RETURN_TYPE = YES_ERROR;
				GCC_WARN_UNDECLARED_SELECTOR = YES;
				GCC_WARN_UNINITIALIZED_AUTOS = YES_AGGRESSIVE;
				GCC_WARN_UNUSED_FUNCTION = YES;
				GCC_WARN_UNUSED_VARIABLE = YES;
				IPHONEOS_DEPLOYMENT_TARGET = 11.4;
				MTL_ENABLE_DEBUG_INFO = YES;
				ONLY_ACTIVE_ARCH = YES;
				SDKROOT = iphoneos;
				SWIFT_ACTIVE_COMPILATION_CONDITIONS = DEBUG;
				SWIFT_OPTIMIZATION_LEVEL = "-Onone";
			};
			name = Debug;
		};
		CABD57B8211430BE0089A0D1 /* Release */ = {
			isa = XCBuildConfiguration;
			buildSettings = {
				ALWAYS_SEARCH_USER_PATHS = NO;
				CLANG_ANALYZER_NONNULL = YES;
				CLANG_ANALYZER_NUMBER_OBJECT_CONVERSION = YES_AGGRESSIVE;
				CLANG_CXX_LANGUAGE_STANDARD = "gnu++14";
				CLANG_CXX_LIBRARY = "libc++";
				CLANG_ENABLE_MODULES = YES;
				CLANG_ENABLE_OBJC_ARC = YES;
				CLANG_ENABLE_OBJC_WEAK = YES;
				CLANG_WARN_BLOCK_CAPTURE_AUTORELEASING = YES;
				CLANG_WARN_BOOL_CONVERSION = YES;
				CLANG_WARN_COMMA = YES;
				CLANG_WARN_CONSTANT_CONVERSION = YES;
				CLANG_WARN_DEPRECATED_OBJC_IMPLEMENTATIONS = YES;
				CLANG_WARN_DIRECT_OBJC_ISA_USAGE = YES_ERROR;
				CLANG_WARN_DOCUMENTATION_COMMENTS = YES;
				CLANG_WARN_EMPTY_BODY = YES;
				CLANG_WARN_ENUM_CONVERSION = YES;
				CLANG_WARN_INFINITE_RECURSION = YES;
				CLANG_WARN_INT_CONVERSION = YES;
				CLANG_WARN_NON_LITERAL_NULL_CONVERSION = YES;
				CLANG_WARN_OBJC_IMPLICIT_RETAIN_SELF = YES;
				CLANG_WARN_OBJC_LITERAL_CONVERSION = YES;
				CLANG_WARN_OBJC_ROOT_CLASS = YES_ERROR;
				CLANG_WARN_RANGE_LOOP_ANALYSIS = YES;
				CLANG_WARN_STRICT_PROTOTYPES = YES;
				CLANG_WARN_SUSPICIOUS_MOVE = YES;
				CLANG_WARN_UNGUARDED_AVAILABILITY = YES_AGGRESSIVE;
				CLANG_WARN_UNREACHABLE_CODE = YES;
				CLANG_WARN__DUPLICATE_METHOD_MATCH = YES;
				CODE_SIGN_IDENTITY = "iPhone Developer";
				COPY_PHASE_STRIP = NO;
				DEBUG_INFORMATION_FORMAT = "dwarf-with-dsym";
				ENABLE_NS_ASSERTIONS = NO;
				ENABLE_STRICT_OBJC_MSGSEND = YES;
				GCC_C_LANGUAGE_STANDARD = gnu11;
				GCC_NO_COMMON_BLOCKS = YES;
				GCC_WARN_64_TO_32_BIT_CONVERSION = YES;
				GCC_WARN_ABOUT_RETURN_TYPE = YES_ERROR;
				GCC_WARN_UNDECLARED_SELECTOR = YES;
				GCC_WARN_UNINITIALIZED_AUTOS = YES_AGGRESSIVE;
				GCC_WARN_UNUSED_FUNCTION = YES;
				GCC_WARN_UNUSED_VARIABLE = YES;
				IPHONEOS_DEPLOYMENT_TARGET = 11.4;
				MTL_ENABLE_DEBUG_INFO = NO;
				SDKROOT = iphoneos;
				SWIFT_COMPILATION_MODE = wholemodule;
				SWIFT_OPTIMIZATION_LEVEL = "-O";
				VALIDATE_PRODUCT = YES;
			};
			name = Release;
		};
		CABD57BA211430BE0089A0D1 /* Debug */ = {
			isa = XCBuildConfiguration;
			baseConfigurationReference = 6199EE02AE512301C1890000 /* Pods-Todoey.debug.xcconfig */;
			buildSettings = {
				ASSETCATALOG_COMPILER_APPICON_NAME = AppIcon;
				CODE_SIGN_STYLE = Automatic;
				DEVELOPMENT_TEAM = K3CG3DM4LD;
				INFOPLIST_FILE = Todoey/Info.plist;
				LD_RUNPATH_SEARCH_PATHS = (
					"$(inherited)",
					"@executable_path/Frameworks",
				);
				PRODUCT_BUNDLE_IDENTIFIER = com.helloworld.Todoey;
				PRODUCT_NAME = "$(TARGET_NAME)";
				SWIFT_VERSION = 4.0;
				TARGETED_DEVICE_FAMILY = "1,2";
			};
			name = Debug;
		};
		CABD57BB211430BE0089A0D1 /* Release */ = {
			isa = XCBuildConfiguration;
			baseConfigurationReference = 65BF0AFC9608E9ACAB01477C /* Pods-Todoey.release.xcconfig */;
			buildSettings = {
				ASSETCATALOG_COMPILER_APPICON_NAME = AppIcon;
				CODE_SIGN_STYLE = Automatic;
				DEVELOPMENT_TEAM = K3CG3DM4LD;
				INFOPLIST_FILE = Todoey/Info.plist;
				LD_RUNPATH_SEARCH_PATHS = (
					"$(inherited)",
					"@executable_path/Frameworks",
				);
				PRODUCT_BUNDLE_IDENTIFIER = com.helloworld.Todoey;
				PRODUCT_NAME = "$(TARGET_NAME)";
				SWIFT_VERSION = 4.0;
				TARGETED_DEVICE_FAMILY = "1,2";
			};
			name = Release;
		};
/* End XCBuildConfiguration section */

/* Begin XCConfigurationList section */
		CABD57A2211430BC0089A0D1 /* Build configuration list for PBXProject "Todoey" */ = {
			isa = XCConfigurationList;
			buildConfigurations = (
				CABD57B7211430BE0089A0D1 /* Debug */,
				CABD57B8211430BE0089A0D1 /* Release */,
			);
			defaultConfigurationIsVisible = 0;
			defaultConfigurationName = Release;
		};
		CABD57B9211430BE0089A0D1 /* Build configuration list for PBXNativeTarget "Todoey" */ = {
			isa = XCConfigurationList;
			buildConfigurations = (
				CABD57BA211430BE0089A0D1 /* Debug */,
				CABD57BB211430BE0089A0D1 /* Release */,
			);
			defaultConfigurationIsVisible = 0;
			defaultConfigurationName = Release;
		};
/* End XCConfigurationList section */

/* Begin XCVersionGroup section */
		CABD57C8212020460089A0D1 /* DataModel.xcdatamodeld */ = {
			isa = XCVersionGroup;
			children = (
				CABD57C9212020460089A0D1 /* DataModel.xcdatamodel */,
			);
			currentVersion = CABD57C9212020460089A0D1 /* DataModel.xcdatamodel */;
			path = DataModel.xcdatamodeld;
			sourceTree = "<group>";
			versionGroupType = wrapper.xcdatamodel;
		};
/* End XCVersionGroup section */
	};
	rootObject = CABD579F211430BC0089A0D1 /* Project object */;
}
